// !$*UTF8*$!
{
	archiveVersion = 1;
	classes = {
	};
	objectVersion = 46;
	objects = {

/* Begin PBXBuildFile section */
		F734A53815F11C3E0090E85A /* UIKit.framework in Frameworks */ = {isa = PBXBuildFile; fileRef = F734A53715F11C3E0090E85A /* UIKit.framework */; };
		F734A53A15F11C3E0090E85A /* Foundation.framework in Frameworks */ = {isa = PBXBuildFile; fileRef = F734A53915F11C3E0090E85A /* Foundation.framework */; };
		F734A53C15F11C3E0090E85A /* CoreGraphics.framework in Frameworks */ = {isa = PBXBuildFile; fileRef = F734A53B15F11C3E0090E85A /* CoreGraphics.framework */; };
		F734A54215F11C3E0090E85A /* InfoPlist.strings in Resources */ = {isa = PBXBuildFile; fileRef = F734A54015F11C3E0090E85A /* InfoPlist.strings */; };
		F734A54415F11C3E0090E85A /* main.m in Sources */ = {isa = PBXBuildFile; fileRef = F734A54315F11C3E0090E85A /* main.m */; };
		F734A54815F11C3E0090E85A /* MMAppDelegate.m in Sources */ = {isa = PBXBuildFile; fileRef = F734A54715F11C3E0090E85A /* MMAppDelegate.m */; };
		F734A54D15F11C3E0090E85A /* first.png in Resources */ = {isa = PBXBuildFile; fileRef = F734A54C15F11C3E0090E85A /* first.png */; };
		F734A54F15F11C3E0090E85A /* first@2x.png in Resources */ = {isa = PBXBuildFile; fileRef = F734A54E15F11C3E0090E85A /* first@2x.png */; };
		F734A55415F11C3E0090E85A /* second.png in Resources */ = {isa = PBXBuildFile; fileRef = F734A55315F11C3E0090E85A /* second.png */; };
		F734A55615F11C3E0090E85A /* second@2x.png in Resources */ = {isa = PBXBuildFile; fileRef = F734A55515F11C3E0090E85A /* second@2x.png */; };
		F734A56415F11C3E0090E85A /* SenTestingKit.framework in Frameworks */ = {isa = PBXBuildFile; fileRef = F734A56315F11C3E0090E85A /* SenTestingKit.framework */; };
		F734A56515F11C3E0090E85A /* UIKit.framework in Frameworks */ = {isa = PBXBuildFile; fileRef = F734A53715F11C3E0090E85A /* UIKit.framework */; };
		F734A56615F11C3E0090E85A /* Foundation.framework in Frameworks */ = {isa = PBXBuildFile; fileRef = F734A53915F11C3E0090E85A /* Foundation.framework */; };
		F734A56E15F11C3E0090E85A /* InfoPlist.strings in Resources */ = {isa = PBXBuildFile; fileRef = F734A56C15F11C3E0090E85A /* InfoPlist.strings */; };
		F734A57115F11C3E0090E85A /* MobMonkeyTests.m in Sources */ = {isa = PBXBuildFile; fileRef = F734A57015F11C3E0090E85A /* MobMonkeyTests.m */; };
		F734A57E15F1226C0090E85A /* MMTrendingViewController.m in Sources */ = {isa = PBXBuildFile; fileRef = F734A57C15F1226C0090E85A /* MMTrendingViewController.m */; };
		F734A57F15F1226C0090E85A /* MMTrendingViewController.xib in Resources */ = {isa = PBXBuildFile; fileRef = F734A57D15F1226C0090E85A /* MMTrendingViewController.xib */; };
		F734A58315F122FF0090E85A /* MMInboxViewController.m in Sources */ = {isa = PBXBuildFile; fileRef = F734A58115F122FF0090E85A /* MMInboxViewController.m */; };
		F734A58415F122FF0090E85A /* MMInboxViewController.xib in Resources */ = {isa = PBXBuildFile; fileRef = F734A58215F122FF0090E85A /* MMInboxViewController.xib */; };
		F734A5A215F12AAF0090E85A /* MMHTTPClient.m in Sources */ = {isa = PBXBuildFile; fileRef = F734A59E15F12AAF0090E85A /* MMHTTPClient.m */; settings = {COMPILER_FLAGS = "-fno-objc-arc"; }; };
		F734A5A315F12AAF0090E85A /* MMAPI.m in Sources */ = {isa = PBXBuildFile; fileRef = F734A5A115F12AAF0090E85A /* MMAPI.m */; settings = {COMPILER_FLAGS = "-fno-objc-arc"; }; };
		F734A5BA15F12AC00090E85A /* AFHTTPClient.m in Sources */ = {isa = PBXBuildFile; fileRef = F734A5A615F12AC00090E85A /* AFHTTPClient.m */; settings = {COMPILER_FLAGS = "-fno-objc-arc"; }; };
		F734A5BB15F12AC00090E85A /* AFHTTPRequestOperation.m in Sources */ = {isa = PBXBuildFile; fileRef = F734A5A815F12AC00090E85A /* AFHTTPRequestOperation.m */; settings = {COMPILER_FLAGS = "-fno-objc-arc"; }; };
		F734A5BC15F12AC00090E85A /* AFImageRequestOperation.m in Sources */ = {isa = PBXBuildFile; fileRef = F734A5AA15F12AC00090E85A /* AFImageRequestOperation.m */; settings = {COMPILER_FLAGS = "-fno-objc-arc"; }; };
		F734A5BD15F12AC00090E85A /* AFJSONRequestOperation.m in Sources */ = {isa = PBXBuildFile; fileRef = F734A5AC15F12AC00090E85A /* AFJSONRequestOperation.m */; settings = {COMPILER_FLAGS = "-fno-objc-arc"; }; };
		F734A5BE15F12AC00090E85A /* AFJSONUtilities.m in Sources */ = {isa = PBXBuildFile; fileRef = F734A5AE15F12AC00090E85A /* AFJSONUtilities.m */; settings = {COMPILER_FLAGS = "-fno-objc-arc"; }; };
		F734A5BF15F12AC00090E85A /* AFNetworkActivityIndicatorManager.m in Sources */ = {isa = PBXBuildFile; fileRef = F734A5B015F12AC00090E85A /* AFNetworkActivityIndicatorManager.m */; settings = {COMPILER_FLAGS = "-fno-objc-arc"; }; };
		F734A5C015F12AC00090E85A /* AFPropertyListRequestOperation.m in Sources */ = {isa = PBXBuildFile; fileRef = F734A5B315F12AC00090E85A /* AFPropertyListRequestOperation.m */; settings = {COMPILER_FLAGS = "-fno-objc-arc"; }; };
		F734A5C115F12AC00090E85A /* AFURLConnectionOperation.m in Sources */ = {isa = PBXBuildFile; fileRef = F734A5B515F12AC00090E85A /* AFURLConnectionOperation.m */; settings = {COMPILER_FLAGS = "-fno-objc-arc"; }; };
		F734A5C215F12AC00090E85A /* AFXMLRequestOperation.m in Sources */ = {isa = PBXBuildFile; fileRef = F734A5B715F12AC00090E85A /* AFXMLRequestOperation.m */; settings = {COMPILER_FLAGS = "-fno-objc-arc"; }; };
		F734A5C315F12AC00090E85A /* UIImageView+AFNetworking.m in Sources */ = {isa = PBXBuildFile; fileRef = F734A5B915F12AC00090E85A /* UIImageView+AFNetworking.m */; settings = {COMPILER_FLAGS = "-fno-objc-arc"; }; };
		F734A5C715F12AF10090E85A /* SVProgressHUD.m in Sources */ = {isa = PBXBuildFile; fileRef = F734A5C415F12AF10090E85A /* SVProgressHUD.m */; settings = {COMPILER_FLAGS = "-fno-objc-arc"; }; };
		F734A5C815F12AF10090E85A /* SVProgressHUD.bundle in Resources */ = {isa = PBXBuildFile; fileRef = F734A5C515F12AF10090E85A /* SVProgressHUD.bundle */; };
/* End PBXBuildFile section */

/* Begin PBXContainerItemProxy section */
		F734A56715F11C3E0090E85A /* PBXContainerItemProxy */ = {
			isa = PBXContainerItemProxy;
			containerPortal = F734A52A15F11C3E0090E85A /* Project object */;
			proxyType = 1;
			remoteGlobalIDString = F734A53215F11C3E0090E85A;
			remoteInfo = MobMonkey;
		};
/* End PBXContainerItemProxy section */

/* Begin PBXFileReference section */
		F734A53315F11C3E0090E85A /* MobMonkey.app */ = {isa = PBXFileReference; explicitFileType = wrapper.application; includeInIndex = 0; path = MobMonkey.app; sourceTree = BUILT_PRODUCTS_DIR; };
		F734A53715F11C3E0090E85A /* UIKit.framework */ = {isa = PBXFileReference; lastKnownFileType = wrapper.framework; name = UIKit.framework; path = System/Library/Frameworks/UIKit.framework; sourceTree = SDKROOT; };
		F734A53915F11C3E0090E85A /* Foundation.framework */ = {isa = PBXFileReference; lastKnownFileType = wrapper.framework; name = Foundation.framework; path = System/Library/Frameworks/Foundation.framework; sourceTree = SDKROOT; };
		F734A53B15F11C3E0090E85A /* CoreGraphics.framework */ = {isa = PBXFileReference; lastKnownFileType = wrapper.framework; name = CoreGraphics.framework; path = System/Library/Frameworks/CoreGraphics.framework; sourceTree = SDKROOT; };
		F734A53F15F11C3E0090E85A /* MobMonkey-Info.plist */ = {isa = PBXFileReference; lastKnownFileType = text.plist.xml; path = "MobMonkey-Info.plist"; sourceTree = "<group>"; };
		F734A54115F11C3E0090E85A /* en */ = {isa = PBXFileReference; lastKnownFileType = text.plist.strings; name = en; path = en.lproj/InfoPlist.strings; sourceTree = "<group>"; };
		F734A54315F11C3E0090E85A /* main.m */ = {isa = PBXFileReference; lastKnownFileType = sourcecode.c.objc; path = main.m; sourceTree = "<group>"; };
		F734A54515F11C3E0090E85A /* MobMonkey-Prefix.pch */ = {isa = PBXFileReference; lastKnownFileType = sourcecode.c.h; path = "MobMonkey-Prefix.pch"; sourceTree = "<group>"; };
		F734A54615F11C3E0090E85A /* MMAppDelegate.h */ = {isa = PBXFileReference; lastKnownFileType = sourcecode.c.h; path = MMAppDelegate.h; sourceTree = "<group>"; };
		F734A54715F11C3E0090E85A /* MMAppDelegate.m */ = {isa = PBXFileReference; lastKnownFileType = sourcecode.c.objc; path = MMAppDelegate.m; sourceTree = "<group>"; };
		F734A54C15F11C3E0090E85A /* first.png */ = {isa = PBXFileReference; lastKnownFileType = image.png; path = first.png; sourceTree = "<group>"; };
		F734A54E15F11C3E0090E85A /* first@2x.png */ = {isa = PBXFileReference; lastKnownFileType = image.png; path = "first@2x.png"; sourceTree = "<group>"; };
		F734A55315F11C3E0090E85A /* second.png */ = {isa = PBXFileReference; lastKnownFileType = image.png; path = second.png; sourceTree = "<group>"; };
		F734A55515F11C3E0090E85A /* second@2x.png */ = {isa = PBXFileReference; lastKnownFileType = image.png; path = "second@2x.png"; sourceTree = "<group>"; };
		F734A56215F11C3E0090E85A /* MobMonkeyTests.octest */ = {isa = PBXFileReference; explicitFileType = wrapper.cfbundle; includeInIndex = 0; path = MobMonkeyTests.octest; sourceTree = BUILT_PRODUCTS_DIR; };
		F734A56315F11C3E0090E85A /* SenTestingKit.framework */ = {isa = PBXFileReference; lastKnownFileType = wrapper.framework; name = SenTestingKit.framework; path = Library/Frameworks/SenTestingKit.framework; sourceTree = DEVELOPER_DIR; };
		F734A56B15F11C3E0090E85A /* MobMonkeyTests-Info.plist */ = {isa = PBXFileReference; lastKnownFileType = text.plist.xml; path = "MobMonkeyTests-Info.plist"; sourceTree = "<group>"; };
		F734A56D15F11C3E0090E85A /* en */ = {isa = PBXFileReference; lastKnownFileType = text.plist.strings; name = en; path = en.lproj/InfoPlist.strings; sourceTree = "<group>"; };
		F734A56F15F11C3E0090E85A /* MobMonkeyTests.h */ = {isa = PBXFileReference; lastKnownFileType = sourcecode.c.h; path = MobMonkeyTests.h; sourceTree = "<group>"; };
		F734A57015F11C3E0090E85A /* MobMonkeyTests.m */ = {isa = PBXFileReference; lastKnownFileType = sourcecode.c.objc; path = MobMonkeyTests.m; sourceTree = "<group>"; };
		F734A57B15F1226C0090E85A /* MMTrendingViewController.h */ = {isa = PBXFileReference; fileEncoding = 4; lastKnownFileType = sourcecode.c.h; path = MMTrendingViewController.h; sourceTree = "<group>"; };
		F734A57C15F1226C0090E85A /* MMTrendingViewController.m */ = {isa = PBXFileReference; fileEncoding = 4; lastKnownFileType = sourcecode.c.objc; path = MMTrendingViewController.m; sourceTree = "<group>"; };
		F734A57D15F1226C0090E85A /* MMTrendingViewController.xib */ = {isa = PBXFileReference; fileEncoding = 4; lastKnownFileType = file.xib; path = MMTrendingViewController.xib; sourceTree = "<group>"; };
		F734A58015F122FF0090E85A /* MMInboxViewController.h */ = {isa = PBXFileReference; fileEncoding = 4; lastKnownFileType = sourcecode.c.h; path = MMInboxViewController.h; sourceTree = "<group>"; };
		F734A58115F122FF0090E85A /* MMInboxViewController.m */ = {isa = PBXFileReference; fileEncoding = 4; lastKnownFileType = sourcecode.c.objc; path = MMInboxViewController.m; sourceTree = "<group>"; };
		F734A58215F122FF0090E85A /* MMInboxViewController.xib */ = {isa = PBXFileReference; fileEncoding = 4; lastKnownFileType = file.xib; path = MMInboxViewController.xib; sourceTree = "<group>"; };
		F734A59D15F12AAF0090E85A /* MMHTTPClient.h */ = {isa = PBXFileReference; fileEncoding = 4; lastKnownFileType = sourcecode.c.h; path = MMHTTPClient.h; sourceTree = "<group>"; };
		F734A59E15F12AAF0090E85A /* MMHTTPClient.m */ = {isa = PBXFileReference; fileEncoding = 4; lastKnownFileType = sourcecode.c.objc; path = MMHTTPClient.m; sourceTree = "<group>"; };
		F734A5A015F12AAF0090E85A /* MMAPI.h */ = {isa = PBXFileReference; fileEncoding = 4; lastKnownFileType = sourcecode.c.h; path = MMAPI.h; sourceTree = "<group>"; };
		F734A5A115F12AAF0090E85A /* MMAPI.m */ = {isa = PBXFileReference; fileEncoding = 4; lastKnownFileType = sourcecode.c.objc; path = MMAPI.m; sourceTree = "<group>"; };
		F734A5A515F12AC00090E85A /* AFHTTPClient.h */ = {isa = PBXFileReference; fileEncoding = 4; lastKnownFileType = sourcecode.c.h; path = AFHTTPClient.h; sourceTree = "<group>"; };
		F734A5A615F12AC00090E85A /* AFHTTPClient.m */ = {isa = PBXFileReference; fileEncoding = 4; lastKnownFileType = sourcecode.c.objc; path = AFHTTPClient.m; sourceTree = "<group>"; };
		F734A5A715F12AC00090E85A /* AFHTTPRequestOperation.h */ = {isa = PBXFileReference; fileEncoding = 4; lastKnownFileType = sourcecode.c.h; path = AFHTTPRequestOperation.h; sourceTree = "<group>"; };
		F734A5A815F12AC00090E85A /* AFHTTPRequestOperation.m */ = {isa = PBXFileReference; fileEncoding = 4; lastKnownFileType = sourcecode.c.objc; path = AFHTTPRequestOperation.m; sourceTree = "<group>"; };
		F734A5A915F12AC00090E85A /* AFImageRequestOperation.h */ = {isa = PBXFileReference; fileEncoding = 4; lastKnownFileType = sourcecode.c.h; path = AFImageRequestOperation.h; sourceTree = "<group>"; };
		F734A5AA15F12AC00090E85A /* AFImageRequestOperation.m */ = {isa = PBXFileReference; fileEncoding = 4; lastKnownFileType = sourcecode.c.objc; path = AFImageRequestOperation.m; sourceTree = "<group>"; };
		F734A5AB15F12AC00090E85A /* AFJSONRequestOperation.h */ = {isa = PBXFileReference; fileEncoding = 4; lastKnownFileType = sourcecode.c.h; path = AFJSONRequestOperation.h; sourceTree = "<group>"; };
		F734A5AC15F12AC00090E85A /* AFJSONRequestOperation.m */ = {isa = PBXFileReference; fileEncoding = 4; lastKnownFileType = sourcecode.c.objc; path = AFJSONRequestOperation.m; sourceTree = "<group>"; };
		F734A5AD15F12AC00090E85A /* AFJSONUtilities.h */ = {isa = PBXFileReference; fileEncoding = 4; lastKnownFileType = sourcecode.c.h; path = AFJSONUtilities.h; sourceTree = "<group>"; };
		F734A5AE15F12AC00090E85A /* AFJSONUtilities.m */ = {isa = PBXFileReference; fileEncoding = 4; lastKnownFileType = sourcecode.c.objc; path = AFJSONUtilities.m; sourceTree = "<group>"; };
		F734A5AF15F12AC00090E85A /* AFNetworkActivityIndicatorManager.h */ = {isa = PBXFileReference; fileEncoding = 4; lastKnownFileType = sourcecode.c.h; path = AFNetworkActivityIndicatorManager.h; sourceTree = "<group>"; };
		F734A5B015F12AC00090E85A /* AFNetworkActivityIndicatorManager.m */ = {isa = PBXFileReference; fileEncoding = 4; lastKnownFileType = sourcecode.c.objc; path = AFNetworkActivityIndicatorManager.m; sourceTree = "<group>"; };
		F734A5B115F12AC00090E85A /* AFNetworking.h */ = {isa = PBXFileReference; fileEncoding = 4; lastKnownFileType = sourcecode.c.h; path = AFNetworking.h; sourceTree = "<group>"; };
		F734A5B215F12AC00090E85A /* AFPropertyListRequestOperation.h */ = {isa = PBXFileReference; fileEncoding = 4; lastKnownFileType = sourcecode.c.h; path = AFPropertyListRequestOperation.h; sourceTree = "<group>"; };
		F734A5B315F12AC00090E85A /* AFPropertyListRequestOperation.m */ = {isa = PBXFileReference; fileEncoding = 4; lastKnownFileType = sourcecode.c.objc; path = AFPropertyListRequestOperation.m; sourceTree = "<group>"; };
		F734A5B415F12AC00090E85A /* AFURLConnectionOperation.h */ = {isa = PBXFileReference; fileEncoding = 4; lastKnownFileType = sourcecode.c.h; path = AFURLConnectionOperation.h; sourceTree = "<group>"; };
		F734A5B515F12AC00090E85A /* AFURLConnectionOperation.m */ = {isa = PBXFileReference; fileEncoding = 4; lastKnownFileType = sourcecode.c.objc; path = AFURLConnectionOperation.m; sourceTree = "<group>"; };
		F734A5B615F12AC00090E85A /* AFXMLRequestOperation.h */ = {isa = PBXFileReference; fileEncoding = 4; lastKnownFileType = sourcecode.c.h; path = AFXMLRequestOperation.h; sourceTree = "<group>"; };
		F734A5B715F12AC00090E85A /* AFXMLRequestOperation.m */ = {isa = PBXFileReference; fileEncoding = 4; lastKnownFileType = sourcecode.c.objc; path = AFXMLRequestOperation.m; sourceTree = "<group>"; };
		F734A5B815F12AC00090E85A /* UIImageView+AFNetworking.h */ = {isa = PBXFileReference; fileEncoding = 4; lastKnownFileType = sourcecode.c.h; path = "UIImageView+AFNetworking.h"; sourceTree = "<group>"; };
		F734A5B915F12AC00090E85A /* UIImageView+AFNetworking.m */ = {isa = PBXFileReference; fileEncoding = 4; lastKnownFileType = sourcecode.c.objc; path = "UIImageView+AFNetworking.m"; sourceTree = "<group>"; };
		F734A5C415F12AF10090E85A /* SVProgressHUD.m */ = {isa = PBXFileReference; fileEncoding = 4; lastKnownFileType = sourcecode.c.objc; path = SVProgressHUD.m; sourceTree = "<group>"; };
		F734A5C515F12AF10090E85A /* SVProgressHUD.bundle */ = {isa = PBXFileReference; lastKnownFileType = "wrapper.plug-in"; path = SVProgressHUD.bundle; sourceTree = "<group>"; };
		F734A5C615F12AF10090E85A /* SVProgressHUD.h */ = {isa = PBXFileReference; fileEncoding = 4; lastKnownFileType = sourcecode.c.h; path = SVProgressHUD.h; sourceTree = "<group>"; };
/* End PBXFileReference section */

/* Begin PBXFrameworksBuildPhase section */
		F734A53015F11C3E0090E85A /* Frameworks */ = {
			isa = PBXFrameworksBuildPhase;
			buildActionMask = 2147483647;
			files = (
				F734A53815F11C3E0090E85A /* UIKit.framework in Frameworks */,
				F734A53A15F11C3E0090E85A /* Foundation.framework in Frameworks */,
				F734A53C15F11C3E0090E85A /* CoreGraphics.framework in Frameworks */,
			);
			runOnlyForDeploymentPostprocessing = 0;
		};
		F734A55E15F11C3E0090E85A /* Frameworks */ = {
			isa = PBXFrameworksBuildPhase;
			buildActionMask = 2147483647;
			files = (
				F734A56415F11C3E0090E85A /* SenTestingKit.framework in Frameworks */,
				F734A56515F11C3E0090E85A /* UIKit.framework in Frameworks */,
				F734A56615F11C3E0090E85A /* Foundation.framework in Frameworks */,
			);
			runOnlyForDeploymentPostprocessing = 0;
		};
/* End PBXFrameworksBuildPhase section */

/* Begin PBXGroup section */
		F734A52815F11C3E0090E85A = {
			isa = PBXGroup;
			children = (
				F734A53D15F11C3E0090E85A /* MobMonkey */,
				F734A56915F11C3E0090E85A /* MobMonkeyTests */,
				F734A53615F11C3E0090E85A /* Frameworks */,
				F734A53415F11C3E0090E85A /* Products */,
			);
			sourceTree = "<group>";
		};
		F734A53415F11C3E0090E85A /* Products */ = {
			isa = PBXGroup;
			children = (
				F734A53315F11C3E0090E85A /* MobMonkey.app */,
				F734A56215F11C3E0090E85A /* MobMonkeyTests.octest */,
			);
			name = Products;
			sourceTree = "<group>";
		};
		F734A53615F11C3E0090E85A /* Frameworks */ = {
			isa = PBXGroup;
			children = (
				F734A53715F11C3E0090E85A /* UIKit.framework */,
				F734A53915F11C3E0090E85A /* Foundation.framework */,
				F734A53B15F11C3E0090E85A /* CoreGraphics.framework */,
				F734A56315F11C3E0090E85A /* SenTestingKit.framework */,
			);
			name = Frameworks;
			sourceTree = "<group>";
		};
		F734A53D15F11C3E0090E85A /* MobMonkey */ = {
			isa = PBXGroup;
			children = (
				F734A59A15F12A570090E85A /* Helpers */,
				F734A57A15F1224E0090E85A /* Trending */,
				F734A58515F123070090E85A /* Inbox */,
				F734A54615F11C3E0090E85A /* MMAppDelegate.h */,
				F734A54715F11C3E0090E85A /* MMAppDelegate.m */,
				F734A54C15F11C3E0090E85A /* first.png */,
				F734A54E15F11C3E0090E85A /* first@2x.png */,
				F734A55315F11C3E0090E85A /* second.png */,
				F734A55515F11C3E0090E85A /* second@2x.png */,
				F734A53E15F11C3E0090E85A /* Supporting Files */,
			);
			path = MobMonkey;
			sourceTree = "<group>";
		};
		F734A53E15F11C3E0090E85A /* Supporting Files */ = {
			isa = PBXGroup;
			children = (
				F734A53F15F11C3E0090E85A /* MobMonkey-Info.plist */,
				F734A54015F11C3E0090E85A /* InfoPlist.strings */,
				F734A54315F11C3E0090E85A /* main.m */,
				F734A54515F11C3E0090E85A /* MobMonkey-Prefix.pch */,
			);
			name = "Supporting Files";
			sourceTree = "<group>";
		};
		F734A56915F11C3E0090E85A /* MobMonkeyTests */ = {
			isa = PBXGroup;
			children = (
				F734A56F15F11C3E0090E85A /* MobMonkeyTests.h */,
				F734A57015F11C3E0090E85A /* MobMonkeyTests.m */,
				F734A56A15F11C3E0090E85A /* Supporting Files */,
			);
			path = MobMonkeyTests;
			sourceTree = "<group>";
		};
		F734A56A15F11C3E0090E85A /* Supporting Files */ = {
			isa = PBXGroup;
			children = (
				F734A56B15F11C3E0090E85A /* MobMonkeyTests-Info.plist */,
				F734A56C15F11C3E0090E85A /* InfoPlist.strings */,
			);
			name = "Supporting Files";
			sourceTree = "<group>";
		};
		F734A57A15F1224E0090E85A /* Trending */ = {
			isa = PBXGroup;
			children = (
				F734A57B15F1226C0090E85A /* MMTrendingViewController.h */,
				F734A57C15F1226C0090E85A /* MMTrendingViewController.m */,
				F734A57D15F1226C0090E85A /* MMTrendingViewController.xib */,
			);
			name = Trending;
			sourceTree = "<group>";
		};
		F734A58515F123070090E85A /* Inbox */ = {
			isa = PBXGroup;
			children = (
				F734A58015F122FF0090E85A /* MMInboxViewController.h */,
				F734A58115F122FF0090E85A /* MMInboxViewController.m */,
				F734A58215F122FF0090E85A /* MMInboxViewController.xib */,
			);
			name = Inbox;
			sourceTree = "<group>";
		};
		F734A59A15F12A570090E85A /* Helpers */ = {
			isa = PBXGroup;
			children = (
				F734A5C915F12AF70090E85A /* SVProgressHUD */,
				F734A5A415F12AC00090E85A /* AFNetworking */,
				F734A59C15F12AAF0090E85A /* MM HTTPClient */,
				F734A59F15F12AAF0090E85A /* MMAPI */,
			);
			name = Helpers;
			sourceTree = "<group>";
		};
		F734A59C15F12AAF0090E85A /* MM HTTPClient */ = {
			isa = PBXGroup;
			children = (
				F734A59D15F12AAF0090E85A /* MMHTTPClient.h */,
				F734A59E15F12AAF0090E85A /* MMHTTPClient.m */,
			);
			path = "MM HTTPClient";
			sourceTree = "<group>";
		};
		F734A59F15F12AAF0090E85A /* MMAPI */ = {
			isa = PBXGroup;
			children = (
				F734A5A015F12AAF0090E85A /* MMAPI.h */,
				F734A5A115F12AAF0090E85A /* MMAPI.m */,
			);
			path = MMAPI;
			sourceTree = "<group>";
		};
		F734A5A415F12AC00090E85A /* AFNetworking */ = {
			isa = PBXGroup;
			children = (
				F734A5A515F12AC00090E85A /* AFHTTPClient.h */,
				F734A5A615F12AC00090E85A /* AFHTTPClient.m */,
				F734A5A715F12AC00090E85A /* AFHTTPRequestOperation.h */,
				F734A5A815F12AC00090E85A /* AFHTTPRequestOperation.m */,
				F734A5A915F12AC00090E85A /* AFImageRequestOperation.h */,
				F734A5AA15F12AC00090E85A /* AFImageRequestOperation.m */,
				F734A5AB15F12AC00090E85A /* AFJSONRequestOperation.h */,
				F734A5AC15F12AC00090E85A /* AFJSONRequestOperation.m */,
				F734A5AD15F12AC00090E85A /* AFJSONUtilities.h */,
				F734A5AE15F12AC00090E85A /* AFJSONUtilities.m */,
				F734A5AF15F12AC00090E85A /* AFNetworkActivityIndicatorManager.h */,
				F734A5B015F12AC00090E85A /* AFNetworkActivityIndicatorManager.m */,
				F734A5B115F12AC00090E85A /* AFNetworking.h */,
				F734A5B215F12AC00090E85A /* AFPropertyListRequestOperation.h */,
				F734A5B315F12AC00090E85A /* AFPropertyListRequestOperation.m */,
				F734A5B415F12AC00090E85A /* AFURLConnectionOperation.h */,
				F734A5B515F12AC00090E85A /* AFURLConnectionOperation.m */,
				F734A5B615F12AC00090E85A /* AFXMLRequestOperation.h */,
				F734A5B715F12AC00090E85A /* AFXMLRequestOperation.m */,
				F734A5B815F12AC00090E85A /* UIImageView+AFNetworking.h */,
				F734A5B915F12AC00090E85A /* UIImageView+AFNetworking.m */,
			);
			path = AFNetworking;
			sourceTree = "<group>";
		};
		F734A5C915F12AF70090E85A /* SVProgressHUD */ = {
			isa = PBXGroup;
			children = (
				F734A5C415F12AF10090E85A /* SVProgressHUD.m */,
				F734A5C515F12AF10090E85A /* SVProgressHUD.bundle */,
				F734A5C615F12AF10090E85A /* SVProgressHUD.h */,
			);
			name = SVProgressHUD;
			sourceTree = "<group>";
		};
/* End PBXGroup section */

/* Begin PBXNativeTarget section */
		F734A53215F11C3E0090E85A /* MobMonkey */ = {
			isa = PBXNativeTarget;
			buildConfigurationList = F734A57415F11C3E0090E85A /* Build configuration list for PBXNativeTarget "MobMonkey" */;
			buildPhases = (
				F734A52F15F11C3E0090E85A /* Sources */,
				F734A53015F11C3E0090E85A /* Frameworks */,
				F734A53115F11C3E0090E85A /* Resources */,
			);
			buildRules = (
			);
			dependencies = (
			);
			name = MobMonkey;
			productName = MobMonkey;
			productReference = F734A53315F11C3E0090E85A /* MobMonkey.app */;
			productType = "com.apple.product-type.application";
		};
		F734A56115F11C3E0090E85A /* MobMonkeyTests */ = {
			isa = PBXNativeTarget;
			buildConfigurationList = F734A57715F11C3E0090E85A /* Build configuration list for PBXNativeTarget "MobMonkeyTests" */;
			buildPhases = (
				F734A55D15F11C3E0090E85A /* Sources */,
				F734A55E15F11C3E0090E85A /* Frameworks */,
				F734A55F15F11C3E0090E85A /* Resources */,
				F734A56015F11C3E0090E85A /* ShellScript */,
			);
			buildRules = (
			);
			dependencies = (
				F734A56815F11C3E0090E85A /* PBXTargetDependency */,
			);
			name = MobMonkeyTests;
			productName = MobMonkeyTests;
			productReference = F734A56215F11C3E0090E85A /* MobMonkeyTests.octest */;
			productType = "com.apple.product-type.bundle";
		};
/* End PBXNativeTarget section */

/* Begin PBXProject section */
		F734A52A15F11C3E0090E85A /* Project object */ = {
			isa = PBXProject;
			attributes = {
				CLASSPREFIX = MM;
				LastUpgradeCheck = 0440;
				ORGANIZATIONNAME = "Reyaad Sidique";
			};
			buildConfigurationList = F734A52D15F11C3E0090E85A /* Build configuration list for PBXProject "MobMonkey" */;
			compatibilityVersion = "Xcode 3.2";
			developmentRegion = English;
			hasScannedForEncodings = 0;
			knownRegions = (
				en,
			);
			mainGroup = F734A52815F11C3E0090E85A;
			productRefGroup = F734A53415F11C3E0090E85A /* Products */;
			projectDirPath = "";
			projectRoot = "";
			targets = (
				F734A53215F11C3E0090E85A /* MobMonkey */,
				F734A56115F11C3E0090E85A /* MobMonkeyTests */,
			);
		};
/* End PBXProject section */

/* Begin PBXResourcesBuildPhase section */
		F734A53115F11C3E0090E85A /* Resources */ = {
			isa = PBXResourcesBuildPhase;
			buildActionMask = 2147483647;
			files = (
				F734A54215F11C3E0090E85A /* InfoPlist.strings in Resources */,
				F734A54D15F11C3E0090E85A /* first.png in Resources */,
				F734A54F15F11C3E0090E85A /* first@2x.png in Resources */,
				F734A55415F11C3E0090E85A /* second.png in Resources */,
				F734A55615F11C3E0090E85A /* second@2x.png in Resources */,
				F734A57F15F1226C0090E85A /* MMTrendingViewController.xib in Resources */,
				F734A58415F122FF0090E85A /* MMInboxViewController.xib in Resources */,
				F734A5C815F12AF10090E85A /* SVProgressHUD.bundle in Resources */,
			);
			runOnlyForDeploymentPostprocessing = 0;
		};
		F734A55F15F11C3E0090E85A /* Resources */ = {
			isa = PBXResourcesBuildPhase;
			buildActionMask = 2147483647;
			files = (
				F734A56E15F11C3E0090E85A /* InfoPlist.strings in Resources */,
			);
			runOnlyForDeploymentPostprocessing = 0;
		};
/* End PBXResourcesBuildPhase section */

/* Begin PBXShellScriptBuildPhase section */
		F734A56015F11C3E0090E85A /* ShellScript */ = {
			isa = PBXShellScriptBuildPhase;
			buildActionMask = 2147483647;
			files = (
			);
			inputPaths = (
			);
			outputPaths = (
			);
			runOnlyForDeploymentPostprocessing = 0;
			shellPath = /bin/sh;
			shellScript = "# Run the unit tests in this test bundle.\n\"${SYSTEM_DEVELOPER_DIR}/Tools/RunUnitTests\"\n";
		};
/* End PBXShellScriptBuildPhase section */

/* Begin PBXSourcesBuildPhase section */
		F734A52F15F11C3E0090E85A /* Sources */ = {
			isa = PBXSourcesBuildPhase;
			buildActionMask = 2147483647;
			files = (
				F734A54415F11C3E0090E85A /* main.m in Sources */,
				F734A54815F11C3E0090E85A /* MMAppDelegate.m in Sources */,
				F734A57E15F1226C0090E85A /* MMTrendingViewController.m in Sources */,
				F734A58315F122FF0090E85A /* MMInboxViewController.m in Sources */,
				F734A5A215F12AAF0090E85A /* MMHTTPClient.m in Sources */,
				F734A5A315F12AAF0090E85A /* MMAPI.m in Sources */,
				F734A5BA15F12AC00090E85A /* AFHTTPClient.m in Sources */,
				F734A5BB15F12AC00090E85A /* AFHTTPRequestOperation.m in Sources */,
				F734A5BC15F12AC00090E85A /* AFImageRequestOperation.m in Sources */,
				F734A5BD15F12AC00090E85A /* AFJSONRequestOperation.m in Sources */,
				F734A5BE15F12AC00090E85A /* AFJSONUtilities.m in Sources */,
				F734A5BF15F12AC00090E85A /* AFNetworkActivityIndicatorManager.m in Sources */,
				F734A5C015F12AC00090E85A /* AFPropertyListRequestOperation.m in Sources */,
				F734A5C115F12AC00090E85A /* AFURLConnectionOperation.m in Sources */,
				F734A5C215F12AC00090E85A /* AFXMLRequestOperation.m in Sources */,
				F734A5C315F12AC00090E85A /* UIImageView+AFNetworking.m in Sources */,
				F734A5C715F12AF10090E85A /* SVProgressHUD.m in Sources */,
			);
			runOnlyForDeploymentPostprocessing = 0;
		};
		F734A55D15F11C3E0090E85A /* Sources */ = {
			isa = PBXSourcesBuildPhase;
			buildActionMask = 2147483647;
			files = (
				F734A57115F11C3E0090E85A /* MobMonkeyTests.m in Sources */,
			);
			runOnlyForDeploymentPostprocessing = 0;
		};
/* End PBXSourcesBuildPhase section */

/* Begin PBXTargetDependency section */
		F734A56815F11C3E0090E85A /* PBXTargetDependency */ = {
			isa = PBXTargetDependency;
			target = F734A53215F11C3E0090E85A /* MobMonkey */;
			targetProxy = F734A56715F11C3E0090E85A /* PBXContainerItemProxy */;
		};
/* End PBXTargetDependency section */

/* Begin PBXVariantGroup section */
		F734A54015F11C3E0090E85A /* InfoPlist.strings */ = {
			isa = PBXVariantGroup;
			children = (
				F734A54115F11C3E0090E85A /* en */,
			);
			name = InfoPlist.strings;
			sourceTree = "<group>";
		};
		F734A56C15F11C3E0090E85A /* InfoPlist.strings */ = {
			isa = PBXVariantGroup;
			children = (
				F734A56D15F11C3E0090E85A /* en */,
			);
			name = InfoPlist.strings;
			sourceTree = "<group>";
		};
/* End PBXVariantGroup section */

/* Begin XCBuildConfiguration section */
		F734A57215F11C3E0090E85A /* Debug */ = {
			isa = XCBuildConfiguration;
			buildSettings = {
				ALWAYS_SEARCH_USER_PATHS = NO;
				ARCHS = "$(ARCHS_STANDARD_32_BIT)";
				CLANG_CXX_LANGUAGE_STANDARD = "gnu++0x";
				CLANG_ENABLE_OBJC_ARC = YES;
				CLANG_WARN__DUPLICATE_METHOD_MATCH = YES;
				"CODE_SIGN_IDENTITY[sdk=iphoneos*]" = "iPhone Developer";
				COPY_PHASE_STRIP = NO;
				GCC_C_LANGUAGE_STANDARD = gnu99;
				GCC_DYNAMIC_NO_PIC = NO;
				GCC_OPTIMIZATION_LEVEL = 0;
				GCC_PREPROCESSOR_DEFINITIONS = (
					"DEBUG=1",
					"$(inherited)",
				);
				GCC_SYMBOLS_PRIVATE_EXTERN = NO;
				GCC_VERSION = com.apple.compilers.llvm.clang.1_0;
				GCC_WARN_ABOUT_RETURN_TYPE = YES;
				GCC_WARN_UNINITIALIZED_AUTOS = YES;
				GCC_WARN_UNUSED_VARIABLE = YES;
				IPHONEOS_DEPLOYMENT_TARGET = 5.1;
				SDKROOT = iphoneos;
			};
			name = Debug;
		};
		F734A57315F11C3E0090E85A /* Release */ = {
			isa = XCBuildConfiguration;
			buildSettings = {
				ALWAYS_SEARCH_USER_PATHS = NO;
				ARCHS = "$(ARCHS_STANDARD_32_BIT)";
				CLANG_CXX_LANGUAGE_STANDARD = "gnu++0x";
				CLANG_ENABLE_OBJC_ARC = YES;
				CLANG_WARN__DUPLICATE_METHOD_MATCH = YES;
				"CODE_SIGN_IDENTITY[sdk=iphoneos*]" = "iPhone Developer";
				COPY_PHASE_STRIP = YES;
				GCC_C_LANGUAGE_STANDARD = gnu99;
				GCC_VERSION = com.apple.compilers.llvm.clang.1_0;
				GCC_WARN_ABOUT_RETURN_TYPE = YES;
				GCC_WARN_UNINITIALIZED_AUTOS = YES;
				GCC_WARN_UNUSED_VARIABLE = YES;
				IPHONEOS_DEPLOYMENT_TARGET = 5.1;
				OTHER_CFLAGS = "-DNS_BLOCK_ASSERTIONS=1";
				SDKROOT = iphoneos;
				VALIDATE_PRODUCT = YES;
			};
			name = Release;
		};
		F734A57515F11C3E0090E85A /* Debug */ = {
			isa = XCBuildConfiguration;
			buildSettings = {
				GCC_PRECOMPILE_PREFIX_HEADER = YES;
				GCC_PREFIX_HEADER = "MobMonkey/MobMonkey-Prefix.pch";
				INFOPLIST_FILE = "MobMonkey/MobMonkey-Info.plist";
				PRODUCT_NAME = "$(TARGET_NAME)";
				WRAPPER_EXTENSION = app;
			};
			name = Debug;
		};
		F734A57615F11C3E0090E85A /* Release */ = {
			isa = XCBuildConfiguration;
			buildSettings = {
				GCC_PRECOMPILE_PREFIX_HEADER = YES;
				GCC_PREFIX_HEADER = "MobMonkey/MobMonkey-Prefix.pch";
				INFOPLIST_FILE = "MobMonkey/MobMonkey-Info.plist";
				PRODUCT_NAME = "$(TARGET_NAME)";
				WRAPPER_EXTENSION = app;
			};
			name = Release;
		};
		F734A57815F11C3E0090E85A /* Debug */ = {
			isa = XCBuildConfiguration;
			buildSettings = {
				BUNDLE_LOADER = "$(BUILT_PRODUCTS_DIR)/MobMonkey.app/MobMonkey";
				FRAMEWORK_SEARCH_PATHS = (
					"\"$(SDKROOT)/Developer/Library/Frameworks\"",
					"\"$(DEVELOPER_LIBRARY_DIR)/Frameworks\"",
				);
				GCC_PRECOMPILE_PREFIX_HEADER = YES;
				GCC_PREFIX_HEADER = "MobMonkey/MobMonkey-Prefix.pch";
				INFOPLIST_FILE = "MobMonkeyTests/MobMonkeyTests-Info.plist";
				PRODUCT_NAME = "$(TARGET_NAME)";
				TEST_HOST = "$(BUNDLE_LOADER)";
				WRAPPER_EXTENSION = octest;
			};
			name = Debug;
		};
		F734A57915F11C3E0090E85A /* Release */ = {
			isa = XCBuildConfiguration;
			buildSettings = {
				BUNDLE_LOADER = "$(BUILT_PRODUCTS_DIR)/MobMonkey.app/MobMonkey";
				FRAMEWORK_SEARCH_PATHS = (
					"\"$(SDKROOT)/Developer/Library/Frameworks\"",
					"\"$(DEVELOPER_LIBRARY_DIR)/Frameworks\"",
				);
				GCC_PRECOMPILE_PREFIX_HEADER = YES;
				GCC_PREFIX_HEADER = "MobMonkey/MobMonkey-Prefix.pch";
				INFOPLIST_FILE = "MobMonkeyTests/MobMonkeyTests-Info.plist";
				PRODUCT_NAME = "$(TARGET_NAME)";
				TEST_HOST = "$(BUNDLE_LOADER)";
				WRAPPER_EXTENSION = octest;
			};
			name = Release;
		};
/* End XCBuildConfiguration section */

/* Begin XCConfigurationList section */
		F734A52D15F11C3E0090E85A /* Build configuration list for PBXProject "MobMonkey" */ = {
			isa = XCConfigurationList;
			buildConfigurations = (
				F734A57215F11C3E0090E85A /* Debug */,
				F734A57315F11C3E0090E85A /* Release */,
			);
			defaultConfigurationIsVisible = 0;
			defaultConfigurationName = Release;
		};
		F734A57415F11C3E0090E85A /* Build configuration list for PBXNativeTarget "MobMonkey" */ = {
			isa = XCConfigurationList;
			buildConfigurations = (
				F734A57515F11C3E0090E85A /* Debug */,
				F734A57615F11C3E0090E85A /* Release */,
			);
			defaultConfigurationIsVisible = 0;
			defaultConfigurationName = Release;
		};
		F734A57715F11C3E0090E85A /* Build configuration list for PBXNativeTarget "MobMonkeyTests" */ = {
			isa = XCConfigurationList;
			buildConfigurations = (
				F734A57815F11C3E0090E85A /* Debug */,
				F734A57915F11C3E0090E85A /* Release */,
			);
			defaultConfigurationIsVisible = 0;
			defaultConfigurationName = Release;
		};
/* End XCConfigurationList section */
	};
	rootObject = F734A52A15F11C3E0090E85A /* Project object */;
}
